
Microsoft Visual Studio Solution File, Format Version 12.00
# Visual Studio Version 17
VisualStudioVersion = 17.5.002.0
MinimumVisualStudioVersion = 10.0.40219.1
Project("{9A19103F-16F7-4668-BE54-9A1E7A4F7556}") = "tour-of-heroes-api", "tour-of-heroes-api.csproj", "{119692C5-9A44-4B95-8261-A83E4CF6C7A3}"
EndProject
Global
	GlobalSection(SolutionConfigurationPlatforms) = preSolution
		Debug|Any CPU = Debug|Any CPU
		Release|Any CPU = Release|Any CPU
	EndGlobalSection
	GlobalSection(ProjectConfigurationPlatforms) = postSolution
		{119692C5-9A44-4B95-8261-A83E4CF6C7A3}.Debug|Any CPU.ActiveCfg = Debug|Any CPU
		{119692C5-9A44-4B95-8261-A83E4CF6C7A3}.Debug|Any CPU.Build.0 = Debug|Any CPU
		{119692C5-9A44-4B95-8261-A83E4CF6C7A3}.Release|Any CPU.ActiveCfg = Release|Any CPU
		{119692C5-9A44-4B95-8261-A83E4CF6C7A3}.Release|Any CPU.Build.0 = Release|Any CPU
	EndGlobalSection
	GlobalSection(SolutionProperties) = preSolution
		HideSolutionNode = FALSE
	EndGlobalSection
	GlobalSection(ExtensibilityGlobals) = postSolution
		SolutionGuid = {938373C7-FB29-43F7-B34A-807FC576EA70}
	EndGlobalSection
EndGlobal
