{
  "version": 4,
  "terraform_version": "1.1.0",
  "serial": 18,
  "lineage": "5631949e-b34f-3ecf-e166-5d18e24ec85d",
  "outputs": {},
  "resources": [
    {
      "mode": "managed",
      "type": "azurerm_app_service",
      "name": "web",
      "provider": "provider[\"registry.terraform.io/hashicorp/azurerm\"]",
      "instances": [
        {
          "schema_version": 0,
          "attributes": {
            "app_service_plan_id": "/subscriptions/c65649e0-1113-4e90-b49f-9b4cb4f561d2/resourceGroups/Tour-Of-Heroes/providers/Microsoft.Web/serverfarms/tour-of-heroes-plan",
            "app_settings": {
              "WEBSITE_NODE_DEFAULT_VERSION": "6.9.1"
            },
            "auth_settings": [
              {
                "active_directory": [],
                "additional_login_params": {},
                "allowed_external_redirect_urls": [],
                "default_provider": "",
                "enabled": false,
                "facebook": [],
                "google": [],
                "issuer": "",
                "microsoft": [],
                "runtime_version": "",
                "token_refresh_extension_hours": 0,
                "token_store_enabled": false,
                "twitter": [],
                "unauthenticated_client_action": ""
              }
            ],
            "backup": [],
            "client_affinity_enabled": false,
            "client_cert_enabled": false,
            "client_cert_mode": "Required",
            "connection_string": [
              {
                "name": "DefaultConnection",
                "type": "SQLAzure",
                "value": "Server=tcp:heroserver.database.windows.net,1433;Initial Catalog=heroes;Persist Security Info=False;User ID=mradministrator;Password=thisIsDog11;MultipleActiveResultSets=False;Encrypt=True;TrustServerCertificate=False;Connection Timeout=30;"
              }
            ],
            "custom_domain_verification_id": "3BF0316A571209948C1EEB2883D242400F6A8651EF28558289A8DB8FE09A2E98",
            "default_site_hostname": "tour-of-heroes-webapi.azurewebsites.net",
            "enabled": true,
            "https_only": false,
            "id": "/subscriptions/c65649e0-1113-4e90-b49f-9b4cb4f561d2/resourceGroups/Tour-Of-Heroes/providers/Microsoft.Web/sites/tour-of-heroes-webapi",
            "identity": [],
            "key_vault_reference_identity_id": "SystemAssigned",
            "location": "northeurope",
            "logs": [
              {
                "application_logs": [
                  {
                    "azure_blob_storage": [],
                    "file_system_level": "Information"
                  }
                ],
                "detailed_error_messages_enabled": false,
                "failed_request_tracing_enabled": false,
                "http_logs": [
                  {
                    "azure_blob_storage": [],
                    "file_system": []
                  }
                ]
              }
            ],
            "name": "tour-of-heroes-webapi",
            "outbound_ip_address_list": [
              "20.82.254.214",
              "20.82.254.221",
              "20.82.254.235",
              "20.82.254.240",
              "20.82.254.248",
              "20.82.253.47",
              "20.50.64.27"
            ],
            "outbound_ip_addresses": "20.82.254.214,20.82.254.221,20.82.254.235,20.82.254.240,20.82.254.248,20.82.253.47,20.50.64.27",
            "possible_outbound_ip_address_list": [
              "20.82.254.214",
              "20.82.254.221",
              "20.82.254.235",
              "20.82.254.240",
              "20.82.254.248",
              "20.82.253.47",
              "20.82.255.14",
              "20.82.255.18",
              "20.82.255.22",
              "20.82.255.26",
              "20.82.254.161",
              "20.82.255.47",
              "20.82.255.51",
              "20.82.255.56",
              "20.82.255.101",
              "20.82.255.129",
              "20.82.255.139",
              "20.82.255.167",
              "20.82.255.171",
              "20.82.254.30",
              "20.82.255.159",
              "20.82.255.191",
              "20.82.254.162",
              "20.82.254.156",
              "20.82.254.69",
              "20.82.255.211",
              "20.82.255.231",
              "20.82.255.238",
              "20.82.255.249",
              "20.82.255.255",
              "20.50.64.27"
            ],
            "possible_outbound_ip_addresses": "20.82.254.214,20.82.254.221,20.82.254.235,20.82.254.240,20.82.254.248,20.82.253.47,20.82.255.14,20.82.255.18,20.82.255.22,20.82.255.26,20.82.254.161,20.82.255.47,20.82.255.51,20.82.255.56,20.82.255.101,20.82.255.129,20.82.255.139,20.82.255.167,20.82.255.171,20.82.254.30,20.82.255.159,20.82.255.191,20.82.254.162,20.82.254.156,20.82.254.69,20.82.255.211,20.82.255.231,20.82.255.238,20.82.255.249,20.82.255.255,20.50.64.27",
            "resource_group_name": "Tour-Of-Heroes",
            "site_config": [
              {
                "acr_use_managed_identity_credentials": false,
                "acr_user_managed_identity_client_id": "",
                "always_on": false,
                "app_command_line": "",
                "auto_swap_slot_name": "",
                "cors": [
                  {
                    "allowed_origins": [],
                    "support_credentials": false
                  }
                ],
                "default_documents": [
                  "Default.htm",
                  "Default.html",
                  "Default.asp",
                  "index.htm",
                  "index.html",
                  "iisstart.htm",
                  "default.aspx",
                  "index.php",
                  "hostingstart.html"
                ],
                "dotnet_framework_version": "v4.0",
                "ftps_state": "AllAllowed",
                "health_check_path": "",
                "http2_enabled": false,
                "ip_restriction": [],
                "java_container": "",
                "java_container_version": "",
                "java_version": "",
                "linux_fx_version": "",
                "local_mysql_enabled": false,
                "managed_pipeline_mode": "Integrated",
                "min_tls_version": "1.2",
                "number_of_workers": 1,
                "php_version": "5.6",
                "python_version": "",
                "remote_debugging_enabled": false,
                "remote_debugging_version": "VS2019",
                "scm_ip_restriction": [],
                "scm_type": "None",
                "scm_use_main_ip_restriction": false,
                "use_32_bit_worker_process": true,
                "vnet_route_all_enabled": false,
                "websockets_enabled": false,
                "windows_fx_version": ""
              }
            ],
            "site_credential": [
              {
                "password": "KSYrAyTwrJy5sW06hvs38pdtDqop0sgNbhqFp40qhThjfx8AbGFmMwwYr7JM",
                "username": "$tour-of-heroes-webapi"
              }
            ],
            "source_control": [
              {
                "branch": "master",
                "manual_integration": false,
                "repo_url": "",
                "rollback_enabled": false,
                "use_mercurial": false
              }
            ],
            "storage_account": [],
            "tags": {},
            "timeouts": null
          },
          "sensitive_attributes": [],
          "private": "eyJlMmJmYjczMC1lY2FhLTExZTYtOGY4OC0zNDM2M2JjN2M0YzAiOnsiY3JlYXRlIjoxODAwMDAwMDAwMDAwLCJkZWxldGUiOjE4MDAwMDAwMDAwMDAsInJlYWQiOjMwMDAwMDAwMDAwMCwidXBkYXRlIjoxODAwMDAwMDAwMDAwfX0=",
          "dependencies": [
            "azurerm_sql_server.sqlserver",
            "azurerm_app_service_plan.plan",
            "azurerm_resource_group.rg",
            "azurerm_sql_database.sqldatabase"
          ]
        }
      ]
    },
    {
      "mode": "managed",
      "type": "azurerm_app_service_plan",
      "name": "plan",
      "provider": "provider[\"registry.terraform.io/hashicorp/azurerm\"]",
      "instances": [
        {
          "schema_version": 0,
          "attributes": {
            "app_service_environment_id": "",
            "id": "/subscriptions/c65649e0-1113-4e90-b49f-9b4cb4f561d2/resourceGroups/Tour-Of-Heroes/providers/Microsoft.Web/serverfarms/tour-of-heroes-plan",
            "is_xenon": false,
            "kind": "Windows",
            "location": "northeurope",
            "maximum_elastic_worker_count": 1,
            "maximum_number_of_workers": 10,
            "name": "tour-of-heroes-plan",
            "per_site_scaling": false,
            "reserved": false,
            "resource_group_name": "Tour-Of-Heroes",
            "sku": [
              {
                "capacity": 1,
                "size": "S1",
                "tier": "Standard"
              }
            ],
            "tags": {},
            "timeouts": null,
            "zone_redundant": false
          },
          "sensitive_attributes": [],
          "private": "eyJlMmJmYjczMC1lY2FhLTExZTYtOGY4OC0zNDM2M2JjN2M0YzAiOnsiY3JlYXRlIjozNjAwMDAwMDAwMDAwLCJkZWxldGUiOjM2MDAwMDAwMDAwMDAsInJlYWQiOjMwMDAwMDAwMDAwMCwidXBkYXRlIjozNjAwMDAwMDAwMDAwfX0=",
          "dependencies": [
            "azurerm_resource_group.rg"
          ]
        }
      ]
    },
    {
      "mode": "managed",
      "type": "azurerm_app_service_slot",
      "name": "web",
      "provider": "provider[\"registry.terraform.io/hashicorp/azurerm\"]",
      "instances": [
        {
          "schema_version": 0,
          "attributes": {
            "app_service_name": "tour-of-heroes-webapi",
            "app_service_plan_id": "/subscriptions/c65649e0-1113-4e90-b49f-9b4cb4f561d2/resourceGroups/Tour-Of-Heroes/providers/Microsoft.Web/serverfarms/tour-of-heroes-plan",
            "app_settings": {
              "WEBSITE_NODE_DEFAULT_VERSION": "6.9.1"
            },
            "auth_settings": [
              {
                "active_directory": [],
                "additional_login_params": {},
                "allowed_external_redirect_urls": [],
                "default_provider": "",
                "enabled": false,
                "facebook": [],
                "google": [],
                "issuer": "",
                "microsoft": [],
                "runtime_version": "",
                "token_refresh_extension_hours": 0,
                "token_store_enabled": false,
                "twitter": [],
                "unauthenticated_client_action": ""
              }
            ],
            "client_affinity_enabled": false,
            "connection_string": [
              {
                "name": "DefaultConnection",
                "type": "SQLAzure",
                "value": "Server=tcp:heroserver.database.windows.net,1433;Initial Catalog=heroes;Persist Security Info=False;User ID=mradministrator;Password=thisIsDog11;MultipleActiveResultSets=False;Encrypt=True;TrustServerCertificate=False;Connection Timeout=30;"
              }
            ],
            "default_site_hostname": "tour-of-heroes-webapi-staging.azurewebsites.net",
            "enabled": true,
            "https_only": false,
            "id": "/subscriptions/c65649e0-1113-4e90-b49f-9b4cb4f561d2/resourceGroups/Tour-Of-Heroes/providers/Microsoft.Web/sites/tour-of-heroes-webapi/slots/staging",
            "identity": [],
            "key_vault_reference_identity_id": "SystemAssigned",
            "location": "northeurope",
            "logs": [
              {
                "application_logs": [
                  {
                    "azure_blob_storage": [],
                    "file_system_level": "Off"
                  }
                ],
                "detailed_error_messages_enabled": false,
                "failed_request_tracing_enabled": false,
                "http_logs": [
                  {
                    "azure_blob_storage": [],
                    "file_system": []
                  }
                ]
              }
            ],
            "name": "staging",
            "resource_group_name": "Tour-Of-Heroes",
            "site_config": [
              {
                "acr_use_managed_identity_credentials": false,
                "acr_user_managed_identity_client_id": "",
                "always_on": false,
                "app_command_line": "",
                "auto_swap_slot_name": "",
                "cors": [],
                "default_documents": [
                  "Default.htm",
                  "Default.html",
                  "Default.asp",
                  "index.htm",
                  "index.html",
                  "iisstart.htm",
                  "default.aspx",
                  "index.php",
                  "hostingstart.html"
                ],
                "dotnet_framework_version": "v4.0",
                "ftps_state": "AllAllowed",
                "health_check_path": "",
                "http2_enabled": false,
                "ip_restriction": [],
                "java_container": "",
                "java_container_version": "",
                "java_version": "",
                "linux_fx_version": "",
                "local_mysql_enabled": false,
                "managed_pipeline_mode": "Integrated",
                "min_tls_version": "1.2",
                "number_of_workers": 1,
                "php_version": "5.6",
                "python_version": "",
                "remote_debugging_enabled": false,
                "remote_debugging_version": "",
                "scm_ip_restriction": [],
                "scm_type": "None",
                "scm_use_main_ip_restriction": false,
                "use_32_bit_worker_process": true,
                "vnet_route_all_enabled": false,
                "websockets_enabled": false,
                "windows_fx_version": ""
              }
            ],
            "site_credential": [
              {
                "password": "xpDhwWAfE36JtaveA0toQYeJQkZYTXl5ZRv6C5w5dfxdgJPNaPZoDyb6afnq",
                "username": "$tour-of-heroes-webapi__staging"
              }
            ],
            "tags": null,
            "timeouts": null
          },
          "sensitive_attributes": [],
          "private": "eyJlMmJmYjczMC1lY2FhLTExZTYtOGY4OC0zNDM2M2JjN2M0YzAiOnsiY3JlYXRlIjoxODAwMDAwMDAwMDAwLCJkZWxldGUiOjE4MDAwMDAwMDAwMDAsInJlYWQiOjMwMDAwMDAwMDAwMCwidXBkYXRlIjoxODAwMDAwMDAwMDAwfX0=",
          "dependencies": [
            "azurerm_app_service.web",
            "azurerm_app_service_plan.plan",
            "azurerm_resource_group.rg",
            "azurerm_sql_database.sqldatabase",
            "azurerm_sql_server.sqlserver"
          ]
        }
      ]
    },
    {
      "mode": "managed",
      "type": "azurerm_resource_group",
      "name": "rg",
      "provider": "provider[\"registry.terraform.io/hashicorp/azurerm\"]",
      "instances": [
        {
          "schema_version": 0,
          "attributes": {
            "id": "/subscriptions/c65649e0-1113-4e90-b49f-9b4cb4f561d2/resourceGroups/Tour-Of-Heroes",
            "location": "northeurope",
            "name": "Tour-Of-Heroes",
            "tags": {},
            "timeouts": null
          },
          "sensitive_attributes": [],
          "private": "eyJlMmJmYjczMC1lY2FhLTExZTYtOGY4OC0zNDM2M2JjN2M0YzAiOnsiY3JlYXRlIjo1NDAwMDAwMDAwMDAwLCJkZWxldGUiOjU0MDAwMDAwMDAwMDAsInJlYWQiOjMwMDAwMDAwMDAwMCwidXBkYXRlIjo1NDAwMDAwMDAwMDAwfX0="
        }
      ]
    },
    {
      "mode": "managed",
      "type": "azurerm_sql_database",
      "name": "sqldatabase",
      "provider": "provider[\"registry.terraform.io/hashicorp/azurerm\"]",
      "instances": [
        {
          "schema_version": 0,
          "attributes": {
            "collation": "SQL_Latin1_General_CP1_CI_AS",
            "create_mode": "Default",
            "creation_date": "2022-01-19T13:30:26.737Z",
            "default_secondary_location": "West Europe",
            "edition": "Basic",
            "elastic_pool_name": "",
            "encryption": "",
            "extended_auditing_policy": [],
            "id": "/subscriptions/c65649e0-1113-4e90-b49f-9b4cb4f561d2/resourceGroups/Tour-Of-Heroes/providers/Microsoft.Sql/servers/heroserver/databases/heroes",
            "import": [],
            "location": "northeurope",
            "max_size_bytes": "2147483648",
            "max_size_gb": null,
            "name": "heroes",
            "read_scale": false,
            "requested_service_objective_id": "dd6d99bb-f193-4ec1-86f2-43d3bccbc49c",
            "requested_service_objective_name": "Basic",
            "resource_group_name": "Tour-Of-Heroes",
            "restore_point_in_time": null,
            "server_name": "heroserver",
            "source_database_deletion_date": null,
            "source_database_id": null,
            "tags": {},
            "threat_detection_policy": [
              {
                "disabled_alerts": [],
                "email_account_admins": "Disabled",
                "email_addresses": [],
                "retention_days": 0,
                "state": "Disabled",
                "storage_account_access_key": "",
                "storage_endpoint": "",
                "use_server_default": "Disabled"
              }
            ],
            "timeouts": null,
            "zone_redundant": false
          },
          "sensitive_attributes": [],
          "private": "eyJlMmJmYjczMC1lY2FhLTExZTYtOGY4OC0zNDM2M2JjN2M0YzAiOnsiY3JlYXRlIjozNjAwMDAwMDAwMDAwLCJkZWxldGUiOjM2MDAwMDAwMDAwMDAsInJlYWQiOjMwMDAwMDAwMDAwMCwidXBkYXRlIjozNjAwMDAwMDAwMDAwfX0=",
          "dependencies": [
            "azurerm_resource_group.rg",
            "azurerm_sql_server.sqlserver"
          ]
        }
      ]
    },
    {
      "mode": "managed",
      "type": "azurerm_sql_firewall_rule",
      "name": "sqlserver",
      "provider": "provider[\"registry.terraform.io/hashicorp/azurerm\"]",
      "instances": [
        {
          "schema_version": 0,
          "attributes": {
            "end_ip_address": "0.0.0.0",
            "id": "/subscriptions/c65649e0-1113-4e90-b49f-9b4cb4f561d2/resourceGroups/Tour-Of-Heroes/providers/Microsoft.Sql/servers/heroserver/firewallRules/allow-azure-services",
            "name": "allow-azure-services",
            "resource_group_name": "Tour-Of-Heroes",
            "server_name": "heroserver",
            "start_ip_address": "0.0.0.0",
            "timeouts": null
          },
          "sensitive_attributes": [],
          "private": "eyJlMmJmYjczMC1lY2FhLTExZTYtOGY4OC0zNDM2M2JjN2M0YzAiOnsiY3JlYXRlIjoxODAwMDAwMDAwMDAwLCJkZWxldGUiOjE4MDAwMDAwMDAwMDAsInJlYWQiOjMwMDAwMDAwMDAwMCwidXBkYXRlIjoxODAwMDAwMDAwMDAwfX0=",
          "dependencies": [
            "azurerm_resource_group.rg",
            "azurerm_sql_server.sqlserver"
          ]
        }
      ]
    },
    {
      "mode": "managed",
      "type": "azurerm_sql_server",
      "name": "sqlserver",
      "provider": "provider[\"registry.terraform.io/hashicorp/azurerm\"]",
      "instances": [
        {
          "schema_version": 0,
          "attributes": {
            "administrator_login": "mradministrator",
            "administrator_login_password": "thisIsDog11",
            "connection_policy": "Default",
            "extended_auditing_policy": [],
            "fully_qualified_domain_name": "heroserver.database.windows.net",
            "id": "/subscriptions/c65649e0-1113-4e90-b49f-9b4cb4f561d2/resourceGroups/Tour-Of-Heroes/providers/Microsoft.Sql/servers/heroserver",
            "identity": [],
            "location": "northeurope",
            "name": "heroserver",
            "resource_group_name": "Tour-Of-Heroes",
            "tags": {},
            "threat_detection_policy": [
              {
                "disabled_alerts": [
                  ""
                ],
                "email_account_admins": false,
                "email_addresses": [
                  ""
                ],
                "retention_days": 0,
                "state": "Enabled",
                "storage_account_access_key": "",
                "storage_endpoint": ""
              }
            ],
            "timeouts": null,
            "version": "12.0"
          },
          "sensitive_attributes": [],
          "private": "eyJlMmJmYjczMC1lY2FhLTExZTYtOGY4OC0zNDM2M2JjN2M0YzAiOnsiY3JlYXRlIjozNjAwMDAwMDAwMDAwLCJkZWxldGUiOjM2MDAwMDAwMDAwMDAsInJlYWQiOjMwMDAwMDAwMDAwMCwidXBkYXRlIjozNjAwMDAwMDAwMDAwfX0=",
          "dependencies": [
            "azurerm_resource_group.rg"
          ]
        }
      ]
    }
  ]
}
